// !$*UTF8*$!
{
	archiveVersion = 1;
	classes = {
	};
	objectVersion = 56;
	objects = {

/* Begin PBXBuildFile section */
		CBD755BB2B5375B2000FFBC0 /* BasicApp.swift in Sources */ = {isa = PBXBuildFile; fileRef = CBD755BA2B5375B2000FFBC0 /* BasicApp.swift */; };
		CBD755BD2B5375B2000FFBC0 /* ContentView.swift in Sources */ = {isa = PBXBuildFile; fileRef = CBD755BC2B5375B2000FFBC0 /* ContentView.swift */; };
		CBD755BF2B5375B6000FFBC0 /* Assets.xcassets in Resources */ = {isa = PBXBuildFile; fileRef = CBD755BE2B5375B6000FFBC0 /* Assets.xcassets */; };
		CBD755C22B5375B6000FFBC0 /* Preview Assets.xcassets in Resources */ = {isa = PBXBuildFile; fileRef = CBD755C12B5375B6000FFBC0 /* Preview Assets.xcassets */; };
		CBD755CC2B5375B7000FFBC0 /* BasicTests.swift in Sources */ = {isa = PBXBuildFile; fileRef = CBD755CB2B5375B7000FFBC0 /* BasicTests.swift */; };
		CBD755D62B5375B7000FFBC0 /* BasicUITests.swift in Sources */ = {isa = PBXBuildFile; fileRef = CBD755D52B5375B7000FFBC0 /* BasicUITests.swift */; };
		CBD755D82B5375B7000FFBC0 /* BasicUITestsLaunchTests.swift in Sources */ = {isa = PBXBuildFile; fileRef = CBD755D72B5375B7000FFBC0 /* BasicUITestsLaunchTests.swift */; };
/* End PBXBuildFile section */

/* Begin PBXContainerItemProxy section */
		CBD755C82B5375B7000FFBC0 /* PBXContainerItemProxy */ = {
			isa = PBXContainerItemProxy;
			containerPortal = CBD755AF2B5375B2000FFBC0 /* Project object */;
			proxyType = 1;
			remoteGlobalIDString = CBD755B62B5375B2000FFBC0;
			remoteInfo = Basic;
		};
		CBD755D22B5375B7000FFBC0 /* PBXContainerItemProxy */ = {
			isa = PBXContainerItemProxy;
			containerPortal = CBD755AF2B5375B2000FFBC0 /* Project object */;
			proxyType = 1;
			remoteGlobalIDString = CBD755B62B5375B2000FFBC0;
			remoteInfo = Basic;
		};
/* End PBXContainerItemProxy section */

/* Begin PBXFileReference section */
		CBD755B72B5375B2000FFBC0 /* Basic.app */ = {isa = PBXFileReference; explicitFileType = wrapper.application; includeInIndex = 0; path = Basic.app; sourceTree = BUILT_PRODUCTS_DIR; };
		CBD755BA2B5375B2000FFBC0 /* BasicApp.swift */ = {isa = PBXFileReference; lastKnownFileType = sourcecode.swift; path = BasicApp.swift; sourceTree = "<group>"; };
		CBD755BC2B5375B2000FFBC0 /* ContentView.swift */ = {isa = PBXFileReference; lastKnownFileType = sourcecode.swift; path = ContentView.swift; sourceTree = "<group>"; };
		CBD755BE2B5375B6000FFBC0 /* Assets.xcassets */ = {isa = PBXFileReference; lastKnownFileType = folder.assetcatalog; path = Assets.xcassets; sourceTree = "<group>"; };
		CBD755C12B5375B6000FFBC0 /* Preview Assets.xcassets */ = {isa = PBXFileReference; lastKnownFileType = folder.assetcatalog; path = "Preview Assets.xcassets"; sourceTree = "<group>"; };
		CBD755C72B5375B7000FFBC0 /* BasicTests.xctest */ = {isa = PBXFileReference; explicitFileType = wrapper.cfbundle; includeInIndex = 0; path = BasicTests.xctest; sourceTree = BUILT_PRODUCTS_DIR; };
		CBD755CB2B5375B7000FFBC0 /* BasicTests.swift */ = {isa = PBXFileReference; lastKnownFileType = sourcecode.swift; path = BasicTests.swift; sourceTree = "<group>"; };
		CBD755D12B5375B7000FFBC0 /* BasicUITests.xctest */ = {isa = PBXFileReference; explicitFileType = wrapper.cfbundle; includeInIndex = 0; path = BasicUITests.xctest; sourceTree = BUILT_PRODUCTS_DIR; };
		CBD755D52B5375B7000FFBC0 /* BasicUITests.swift */ = {isa = PBXFileReference; lastKnownFileType = sourcecode.swift; path = BasicUITests.swift; sourceTree = "<group>"; };
		CBD755D72B5375B7000FFBC0 /* BasicUITestsLaunchTests.swift */ = {isa = PBXFileReference; lastKnownFileType = sourcecode.swift; path = BasicUITestsLaunchTests.swift; sourceTree = "<group>"; };
/* End PBXFileReference section */

/* Begin PBXFrameworksBuildPhase section */
		CBD755B42B5375B2000FFBC0 /* Frameworks */ = {
			isa = PBXFrameworksBuildPhase;
			buildActionMask = 2147483647;
			files = (
			);
			runOnlyForDeploymentPostprocessing = 0;
		};
		CBD755C42B5375B7000FFBC0 /* Frameworks */ = {
			isa = PBXFrameworksBuildPhase;
			buildActionMask = 2147483647;
			files = (
			);
			runOnlyForDeploymentPostprocessing = 0;
		};
		CBD755CE2B5375B7000FFBC0 /* Frameworks */ = {
			isa = PBXFrameworksBuildPhase;
			buildActionMask = 2147483647;
			files = (
			);
			runOnlyForDeploymentPostprocessing = 0;
		};
/* End PBXFrameworksBuildPhase section */

/* Begin PBXGroup section */
		CBD755AE2B5375B2000FFBC0 = {
			isa = PBXGroup;
			children = (
				CBD755B92B5375B2000FFBC0 /* Basic */,
				CBD755CA2B5375B7000FFBC0 /* BasicTests */,
				CBD755D42B5375B7000FFBC0 /* BasicUITests */,
				CBD755B82B5375B2000FFBC0 /* Products */,
			);
			sourceTree = "<group>";
		};
		CBD755B82B5375B2000FFBC0 /* Products */ = {
			isa = PBXGroup;
			children = (
				CBD755B72B5375B2000FFBC0 /* Basic.app */,
				CBD755C72B5375B7000FFBC0 /* BasicTests.xctest */,
				CBD755D12B5375B7000FFBC0 /* BasicUITests.xctest */,
			);
			name = Products;
			sourceTree = "<group>";
		};
		CBD755B92B5375B2000FFBC0 /* Basic */ = {
			isa = PBXGroup;
			children = (
				CBD755BA2B5375B2000FFBC0 /* BasicApp.swift */,
				CBD755BC2B5375B2000FFBC0 /* ContentView.swift */,
				CBD755BE2B5375B6000FFBC0 /* Assets.xcassets */,
				CBD755C02B5375B6000FFBC0 /* Preview Content */,
			);
			path = Basic;
			sourceTree = "<group>";
		};
		CBD755C02B5375B6000FFBC0 /* Preview Content */ = {
			isa = PBXGroup;
			children = (
				CBD755C12B5375B6000FFBC0 /* Preview Assets.xcassets */,
			);
			path = "Preview Content";
			sourceTree = "<group>";
		};
		CBD755CA2B5375B7000FFBC0 /* BasicTests */ = {
			isa = PBXGroup;
			children = (
				CBD755CB2B5375B7000FFBC0 /* BasicTests.swift */,
			);
			path = BasicTests;
			sourceTree = "<group>";
		};
		CBD755D42B5375B7000FFBC0 /* BasicUITests */ = {
			isa = PBXGroup;
			children = (
				CBD755D52B5375B7000FFBC0 /* BasicUITests.swift */,
				CBD755D72B5375B7000FFBC0 /* BasicUITestsLaunchTests.swift */,
			);
			path = BasicUITests;
			sourceTree = "<group>";
		};
/* End PBXGroup section */

/* Begin PBXNativeTarget section */
		CBD755B62B5375B2000FFBC0 /* Basic */ = {
			isa = PBXNativeTarget;
			buildConfigurationList = CBD755DB2B5375B7000FFBC0 /* Build configuration list for PBXNativeTarget "Basic" */;
			buildPhases = (
				CBD755B32B5375B2000FFBC0 /* Sources */,
				CBD755B42B5375B2000FFBC0 /* Frameworks */,
				CBD755B52B5375B2000FFBC0 /* Resources */,
			);
			buildRules = (
			);
			dependencies = (
			);
			name = Basic;
			productName = Basic;
			productReference = CBD755B72B5375B2000FFBC0 /* Basic.app */;
			productType = "com.apple.product-type.application";
		};
		CBD755C62B5375B7000FFBC0 /* BasicTests */ = {
			isa = PBXNativeTarget;
			buildConfigurationList = CBD755DE2B5375B7000FFBC0 /* Build configuration list for PBXNativeTarget "BasicTests" */;
			buildPhases = (
				CBD755C32B5375B7000FFBC0 /* Sources */,
				CBD755C42B5375B7000FFBC0 /* Frameworks */,
				CBD755C52B5375B7000FFBC0 /* Resources */,
			);
			buildRules = (
			);
			dependencies = (
				CBD755C92B5375B7000FFBC0 /* PBXTargetDependency */,
			);
			name = BasicTests;
			productName = BasicTests;
			productReference = CBD755C72B5375B7000FFBC0 /* BasicTests.xctest */;
			productType = "com.apple.product-type.bundle.unit-test";
		};
		CBD755D02B5375B7000FFBC0 /* BasicUITests */ = {
			isa = PBXNativeTarget;
			buildConfigurationList = CBD755E12B5375B7000FFBC0 /* Build configuration list for PBXNativeTarget "BasicUITests" */;
			buildPhases = (
				CBD755CD2B5375B7000FFBC0 /* Sources */,
				CBD755CE2B5375B7000FFBC0 /* Frameworks */,
				CBD755CF2B5375B7000FFBC0 /* Resources */,
			);
			buildRules = (
			);
			dependencies = (
				CBD755D32B5375B7000FFBC0 /* PBXTargetDependency */,
			);
			name = BasicUITests;
			productName = BasicUITests;
			productReference = CBD755D12B5375B7000FFBC0 /* BasicUITests.xctest */;
			productType = "com.apple.product-type.bundle.ui-testing";
		};
/* End PBXNativeTarget section */

/* Begin PBXProject section */
		CBD755AF2B5375B2000FFBC0 /* Project object */ = {
			isa = PBXProject;
			attributes = {
				BuildIndependentTargetsInParallel = 1;
				LastSwiftUpdateCheck = 1410;
				LastUpgradeCheck = 1410;
				TargetAttributes = {
					CBD755B62B5375B2000FFBC0 = {
						CreatedOnToolsVersion = 14.1;
					};
					CBD755C62B5375B7000FFBC0 = {
						CreatedOnToolsVersion = 14.1;
						TestTargetID = CBD755B62B5375B2000FFBC0;
					};
					CBD755D02B5375B7000FFBC0 = {
						CreatedOnToolsVersion = 14.1;
						TestTargetID = CBD755B62B5375B2000FFBC0;
					};
				};
			};
			buildConfigurationList = CBD755B22B5375B2000FFBC0 /* Build configuration list for PBXProject "Basic" */;
			compatibilityVersion = "Xcode 14.0";
			developmentRegion = en;
			hasScannedForEncodings = 0;
			knownRegions = (
				en,
				Base,
			);
			mainGroup = CBD755AE2B5375B2000FFBC0;
			productRefGroup = CBD755B82B5375B2000FFBC0 /* Products */;
			projectDirPath = "";
			projectRoot = "";
			targets = (
				CBD755B62B5375B2000FFBC0 /* Basic */,
				CBD755C62B5375B7000FFBC0 /* BasicTests */,
				CBD755D02B5375B7000FFBC0 /* BasicUITests */,
			);
		};
/* End PBXProject section */

/* Begin PBXResourcesBuildPhase section */
		CBD755B52B5375B2000FFBC0 /* Resources */ = {
			isa = PBXResourcesBuildPhase;
			buildActionMask = 2147483647;
			files = (
				CBD755C22B5375B6000FFBC0 /* Preview Assets.xcassets in Resources */,
				CBD755BF2B5375B6000FFBC0 /* Assets.xcassets in Resources */,
			);
			runOnlyForDeploymentPostprocessing = 0;
		};
		CBD755C52B5375B7000FFBC0 /* Resources */ = {
			isa = PBXResourcesBuildPhase;
			buildActionMask = 2147483647;
			files = (
			);
			runOnlyForDeploymentPostprocessing = 0;
		};
		CBD755CF2B5375B7000FFBC0 /* Resources */ = {
			isa = PBXResourcesBuildPhase;
			buildActionMask = 2147483647;
			files = (
			);
			runOnlyForDeploymentPostprocessing = 0;
		};
/* End PBXResourcesBuildPhase section */

/* Begin PBXSourcesBuildPhase section */
		CBD755B32B5375B2000FFBC0 /* Sources */ = {
			isa = PBXSourcesBuildPhase;
			buildActionMask = 2147483647;
			files = (
				CBD755BD2B5375B2000FFBC0 /* ContentView.swift in Sources */,
				CBD755BB2B5375B2000FFBC0 /* BasicApp.swift in Sources */,
			);
			runOnlyForDeploymentPostprocessing = 0;
		};
		CBD755C32B5375B7000FFBC0 /* Sources */ = {
			isa = PBXSourcesBuildPhase;
			buildActionMask = 2147483647;
			files = (
				CBD755CC2B5375B7000FFBC0 /* BasicTests.swift in Sources */,
			);
			runOnlyForDeploymentPostprocessing = 0;
		};
		CBD755CD2B5375B7000FFBC0 /* Sources */ = {
			isa = PBXSourcesBuildPhase;
			buildActionMask = 2147483647;
			files = (
				CBD755D62B5375B7000FFBC0 /* BasicUITests.swift in Sources */,
				CBD755D82B5375B7000FFBC0 /* BasicUITestsLaunchTests.swift in Sources */,
			);
			runOnlyForDeploymentPostprocessing = 0;
		};
/* End PBXSourcesBuildPhase section */

/* Begin PBXTargetDependency section */
		CBD755C92B5375B7000FFBC0 /* PBXTargetDependency */ = {
			isa = PBXTargetDependency;
			target = CBD755B62B5375B2000FFBC0 /* Basic */;
			targetProxy = CBD755C82B5375B7000FFBC0 /* PBXContainerItemProxy */;
		};
		CBD755D32B5375B7000FFBC0 /* PBXTargetDependency */ = {
			isa = PBXTargetDependency;
			target = CBD755B62B5375B2000FFBC0 /* Basic */;
			targetProxy = CBD755D22B5375B7000FFBC0 /* PBXContainerItemProxy */;
		};
/* End PBXTargetDependency section */

/* Begin XCBuildConfiguration section */
		CBD755D92B5375B7000FFBC0 /* Debug */ = {
			isa = XCBuildConfiguration;
			buildSettings = {
				ALWAYS_SEARCH_USER_PATHS = NO;
				CLANG_ANALYZER_NONNULL = YES;
				CLANG_ANALYZER_NUMBER_OBJECT_CONVERSION = YES_AGGRESSIVE;
				CLANG_CXX_LANGUAGE_STANDARD = "gnu++20";
				CLANG_ENABLE_MODULES = YES;
				CLANG_ENABLE_OBJC_ARC = YES;
				CLANG_ENABLE_OBJC_WEAK = YES;
				CLANG_WARN_BLOCK_CAPTURE_AUTORELEASING = YES;
				CLANG_WARN_BOOL_CONVERSION = YES;
				CLANG_WARN_COMMA = YES;
				CLANG_WARN_CONSTANT_CONVERSION = YES;
				CLANG_WARN_DEPRECATED_OBJC_IMPLEMENTATIONS = YES;
				CLANG_WARN_DIRECT_OBJC_ISA_USAGE = YES_ERROR;
				CLANG_WARN_DOCUMENTATION_COMMENTS = YES;
				CLANG_WARN_EMPTY_BODY = YES;
				CLANG_WARN_ENUM_CONVERSION = YES;
				CLANG_WARN_INFINITE_RECURSION = YES;
				CLANG_WARN_INT_CONVERSION = YES;
				CLANG_WARN_NON_LITERAL_NULL_CONVERSION = YES;
				CLANG_WARN_OBJC_IMPLICIT_RETAIN_SELF = YES;
				CLANG_WARN_OBJC_LITERAL_CONVERSION = YES;
				CLANG_WARN_OBJC_ROOT_CLASS = YES_ERROR;
				CLANG_WARN_QUOTED_INCLUDE_IN_FRAMEWORK_HEADER = YES;
				CLANG_WARN_RANGE_LOOP_ANALYSIS = YES;
				CLANG_WARN_STRICT_PROTOTYPES = YES;
				CLANG_WARN_SUSPICIOUS_MOVE = YES;
				CLANG_WARN_UNGUARDED_AVAILABILITY = YES_AGGRESSIVE;
				CLANG_WARN_UNREACHABLE_CODE = YES;
				CLANG_WARN__DUPLICATE_METHOD_MATCH = YES;
				COPY_PHASE_STRIP = NO;
				DEBUG_INFORMATION_FORMAT = dwarf;
				ENABLE_STRICT_OBJC_MSGSEND = YES;
				ENABLE_TESTABILITY = YES;
				GCC_C_LANGUAGE_STANDARD = gnu11;
				GCC_DYNAMIC_NO_PIC = NO;
				GCC_NO_COMMON_BLOCKS = YES;
				GCC_OPTIMIZATION_LEVEL = 0;
				GCC_PREPROCESSOR_DEFINITIONS = (
					"DEBUG=1",
					"$(inherited)",
				);
				GCC_WARN_64_TO_32_BIT_CONVERSION = YES;
				GCC_WARN_ABOUT_RETURN_TYPE = YES_ERROR;
				GCC_WARN_UNDECLARED_SELECTOR = YES;
				GCC_WARN_UNINITIALIZED_AUTOS = YES_AGGRESSIVE;
				GCC_WARN_UNUSED_FUNCTION = YES;
				GCC_WARN_UNUSED_VARIABLE = YES;
				IPHONEOS_DEPLOYMENT_TARGET = 16.1;
				MTL_ENABLE_DEBUG_INFO = INCLUDE_SOURCE;
				MTL_FAST_MATH = YES;
				ONLY_ACTIVE_ARCH = YES;
				SDKROOT = iphoneos;
				SWIFT_ACTIVE_COMPILATION_CONDITIONS = DEBUG;
				SWIFT_OPTIMIZATION_LEVEL = "-Onone";
			};
			name = Debug;
		};
		CBD755DA2B5375B7000FFBC0 /* Release */ = {
			isa = XCBuildConfiguration;
			buildSettings = {
				ALWAYS_SEARCH_USER_PATHS = NO;
				CLANG_ANALYZER_NONNULL = YES;
				CLANG_ANALYZER_NUMBER_OBJECT_CONVERSION = YES_AGGRESSIVE;
				CLANG_CXX_LANGUAGE_STANDARD = "gnu++20";
				CLANG_ENABLE_MODULES = YES;
				CLANG_ENABLE_OBJC_ARC = YES;
				CLANG_ENABLE_OBJC_WEAK = YES;
				CLANG_WARN_BLOCK_CAPTURE_AUTORELEASING = YES;
				CLANG_WARN_BOOL_CONVERSION = YES;
				CLANG_WARN_COMMA = YES;
				CLANG_WARN_CONSTANT_CONVERSION = YES;
				CLANG_WARN_DEPRECATED_OBJC_IMPLEMENTATIONS = YES;
				CLANG_WARN_DIRECT_OBJC_ISA_USAGE = YES_ERROR;
				CLANG_WARN_DOCUMENTATION_COMMENTS = YES;
				CLANG_WARN_EMPTY_BODY = YES;
				CLANG_WARN_ENUM_CONVERSION = YES;
				CLANG_WARN_INFINITE_RECURSION = YES;
				CLANG_WARN_INT_CONVERSION = YES;
				CLANG_WARN_NON_LITERAL_NULL_CONVERSION = YES;
				CLANG_WARN_OBJC_IMPLICIT_RETAIN_SELF = YES;
				CLANG_WARN_OBJC_LITERAL_CONVERSION = YES;
				CLANG_WARN_OBJC_ROOT_CLASS = YES_ERROR;
				CLANG_WARN_QUOTED_INCLUDE_IN_FRAMEWORK_HEADER = YES;
				CLANG_WARN_RANGE_LOOP_ANALYSIS = YES;
				CLANG_WARN_STRICT_PROTOTYPES = YES;
				CLANG_WARN_SUSPICIOUS_MOVE = YES;
				CLANG_WARN_UNGUARDED_AVAILABILITY = YES_AGGRESSIVE;
				CLANG_WARN_UNREACHABLE_CODE = YES;
				CLANG_WARN__DUPLICATE_METHOD_MATCH = YES;
				COPY_PHASE_STRIP = NO;
				DEBUG_INFORMATION_FORMAT = "dwarf-with-dsym";
				ENABLE_NS_ASSERTIONS = NO;
				ENABLE_STRICT_OBJC_MSGSEND = YES;
				GCC_C_LANGUAGE_STANDARD = gnu11;
				GCC_NO_COMMON_BLOCKS = YES;
				GCC_WARN_64_TO_32_BIT_CONVERSION = YES;
				GCC_WARN_ABOUT_RETURN_TYPE = YES_ERROR;
				GCC_WARN_UNDECLARED_SELECTOR = YES;
				GCC_WARN_UNINITIALIZED_AUTOS = YES_AGGRESSIVE;
				GCC_WARN_UNUSED_FUNCTION = YES;
				GCC_WARN_UNUSED_VARIABLE = YES;
				IPHONEOS_DEPLOYMENT_TARGET = 16.1;
				MTL_ENABLE_DEBUG_INFO = NO;
				MTL_FAST_MATH = YES;
				SDKROOT = iphoneos;
				SWIFT_COMPILATION_MODE = wholemodule;
				SWIFT_OPTIMIZATION_LEVEL = "-O";
				VALIDATE_PRODUCT = YES;
			};
			name = Release;
		};
		CBD755DC2B5375B7000FFBC0 /* Debug */ = {
			isa = XCBuildConfiguration;
			buildSettings = {
				ASSETCATALOG_COMPILER_APPICON_NAME = AppIcon;
				ASSETCATALOG_COMPILER_GLOBAL_ACCENT_COLOR_NAME = AccentColor;
				CODE_SIGN_STYLE = Automatic;
				CURRENT_PROJECT_VERSION = 1;
				DEVELOPMENT_ASSET_PATHS = "\"Basic/Preview Content\"";
				ENABLE_PREVIEWS = YES;
				GENERATE_INFOPLIST_FILE = YES;
				INFOPLIST_KEY_UIApplicationSceneManifest_Generation = YES;
				INFOPLIST_KEY_UIApplicationSupportsIndirectInputEvents = YES;
				INFOPLIST_KEY_UILaunchScreen_Generation = YES;
				INFOPLIST_KEY_UISupportedInterfaceOrientations_iPad = "UIInterfaceOrientationPortrait UIInterfaceOrientationPortraitUpsideDown UIInterfaceOrientationLandscapeLeft UIInterfaceOrientationLandscapeRight";
				INFOPLIST_KEY_UISupportedInterfaceOrientations_iPhone = "UIInterfaceOrientationPortrait UIInterfaceOrientationLandscapeLeft UIInterfaceOrientationLandscapeRight";
				LD_RUNPATH_SEARCH_PATHS = (
					"$(inherited)",
					"@executable_path/Frameworks",
				);
				MARKETING_VERSION = 1.0;
				PRODUCT_BUNDLE_IDENTIFIER = Next.Basic;
				PRODUCT_NAME = "$(TARGET_NAME)";
				SWIFT_EMIT_LOC_STRINGS = YES;
				SWIFT_VERSION = 5.0;
				TARGETED_DEVICE_FAMILY = "1,2";
			};
			name = Debug;
		};
		CBD755DD2B5375B7000FFBC0 /* Release */ = {
			isa = XCBuildConfiguration;
			buildSettings = {
				ASSETCATALOG_COMPILER_APPICON_NAME = AppIcon;
				ASSETCATALOG_COMPILER_GLOBAL_ACCENT_COLOR_NAME = AccentColor;
				CODE_SIGN_STYLE = Automatic;
				CURRENT_PROJECT_VERSION = 1;
				DEVELOPMENT_ASSET_PATHS = "\"Basic/Preview Content\"";
				ENABLE_PREVIEWS = YES;
				GENERATE_INFOPLIST_FILE = YES;
				INFOPLIST_KEY_UIApplicationSceneManifest_Generation = YES;
				INFOPLIST_KEY_UIApplicationSupportsIndirectInputEvents = YES;
				INFOPLIST_KEY_UILaunchScreen_Generation = YES;
				INFOPLIST_KEY_UISupportedInterfaceOrientations_iPad = "UIInterfaceOrientationPortrait UIInterfaceOrientationPortraitUpsideDown UIInterfaceOrientationLandscapeLeft UIInterfaceOrientationLandscapeRight";
				INFOPLIST_KEY_UISupportedInterfaceOrientations_iPhone = "UIInterfaceOrientationPortrait UIInterfaceOrientationLandscapeLeft UIInterfaceOrientationLandscapeRight";
				LD_RUNPATH_SEARCH_PATHS = (
					"$(inherited)",
					"@executable_path/Frameworks",
				);
				MARKETING_VERSION = 1.0;
				PRODUCT_BUNDLE_IDENTIFIER = Next.Basic;
				PRODUCT_NAME = "$(TARGET_NAME)";
				SWIFT_EMIT_LOC_STRINGS = YES;
				SWIFT_VERSION = 5.0;
				TARGETED_DEVICE_FAMILY = "1,2";
			};
			name = Release;
		};
		CBD755DF2B5375B7000FFBC0 /* Debug */ = {
			isa = XCBuildConfiguration;
			buildSettings = {
				ALWAYS_EMBED_SWIFT_STANDARD_LIBRARIES = YES;
				BUNDLE_LOADER = "$(TEST_HOST)";
				CODE_SIGN_STYLE = Automatic;
				CURRENT_PROJECT_VERSION = 1;
				GENERATE_INFOPLIST_FILE = YES;
				IPHONEOS_DEPLOYMENT_TARGET = 16.1;
				MARKETING_VERSION = 1.0;
				PRODUCT_BUNDLE_IDENTIFIER = Next.BasicTests;
				PRODUCT_NAME = "$(TARGET_NAME)";
				SWIFT_EMIT_LOC_STRINGS = NO;
				SWIFT_VERSION = 5.0;
				TARGETED_DEVICE_FAMILY = "1,2";
				TEST_HOST = "$(BUILT_PRODUCTS_DIR)/Basic.app/$(BUNDLE_EXECUTABLE_FOLDER_PATH)/Basic";
			};
			name = Debug;
		};
		CBD755E02B5375B7000FFBC0 /* Release */ = {
			isa = XCBuildConfiguration;
			buildSettings = {
				ALWAYS_EMBED_SWIFT_STANDARD_LIBRARIES = YES;
				BUNDLE_LOADER = "$(TEST_HOST)";
				CODE_SIGN_STYLE = Automatic;
				CURRENT_PROJECT_VERSION = 1;
				GENERATE_INFOPLIST_FILE = YES;
				IPHONEOS_DEPLOYMENT_TARGET = 16.1;
				MARKETING_VERSION = 1.0;
				PRODUCT_BUNDLE_IDENTIFIER = Next.BasicTests;
				PRODUCT_NAME = "$(TARGET_NAME)";
				SWIFT_EMIT_LOC_STRINGS = NO;
				SWIFT_VERSION = 5.0;
				TARGETED_DEVICE_FAMILY = "1,2";
				TEST_HOST = "$(BUILT_PRODUCTS_DIR)/Basic.app/$(BUNDLE_EXECUTABLE_FOLDER_PATH)/Basic";
			};
			name = Release;
		};
		CBD755E22B5375B7000FFBC0 /* Debug */ = {
			isa = XCBuildConfiguration;
			buildSettings = {
				ALWAYS_EMBED_SWIFT_STANDARD_LIBRARIES = YES;
				CODE_SIGN_STYLE = Automatic;
				CURRENT_PROJECT_VERSION = 1;
				GENERATE_INFOPLIST_FILE = YES;
				MARKETING_VERSION = 1.0;
				PRODUCT_BUNDLE_IDENTIFIER = Next.BasicUITests;
				PRODUCT_NAME = "$(TARGET_NAME)";
				SWIFT_EMIT_LOC_STRINGS = NO;
				SWIFT_VERSION = 5.0;
				TARGETED_DEVICE_FAMILY = "1,2";
				TEST_TARGET_NAME = Basic;
			};
			name = Debug;
		};
		CBD755E32B5375B7000FFBC0 /* Release */ = {
			isa = XCBuildConfiguration;
			buildSettings = {
				ALWAYS_EMBED_SWIFT_STANDARD_LIBRARIES = YES;
				CODE_SIGN_STYLE = Automatic;
				CURRENT_PROJECT_VERSION = 1;
				GENERATE_INFOPLIST_FILE = YES;
				MARKETING_VERSION = 1.0;
				PRODUCT_BUNDLE_IDENTIFIER = Next.BasicUITests;
				PRODUCT_NAME = "$(TARGET_NAME)";
				SWIFT_EMIT_LOC_STRINGS = NO;
				SWIFT_VERSION = 5.0;
				TARGETED_DEVICE_FAMILY = "1,2";
				TEST_TARGET_NAME = Basic;
			};
			name = Release;
		};
/* End XCBuildConfiguration section */

/* Begin XCConfigurationList section */
		CBD755B22B5375B2000FFBC0 /* Build configuration list for PBXProject "Basic" */ = {
			isa = XCConfigurationList;
			buildConfigurations = (
				CBD755D92B5375B7000FFBC0 /* Debug */,
				CBD755DA2B5375B7000FFBC0 /* Release */,
			);
			defaultConfigurationIsVisible = 0;
			defaultConfigurationName = Release;
		};
		CBD755DB2B5375B7000FFBC0 /* Build configuration list for PBXNativeTarget "Basic" */ = {
			isa = XCConfigurationList;
			buildConfigurations = (
				CBD755DC2B5375B7000FFBC0 /* Debug */,
				CBD755DD2B5375B7000FFBC0 /* Release */,
			);
			defaultConfigurationIsVisible = 0;
			defaultConfigurationName = Release;
		};
		CBD755DE2B5375B7000FFBC0 /* Build configuration list for PBXNativeTarget "BasicTests" */ = {
			isa = XCConfigurationList;
			buildConfigurations = (
				CBD755DF2B5375B7000FFBC0 /* Debug */,
				CBD755E02B5375B7000FFBC0 /* Release */,
			);
			defaultConfigurationIsVisible = 0;
			defaultConfigurationName = Release;
		};
		CBD755E12B5375B7000FFBC0 /* Build configuration list for PBXNativeTarget "BasicUITests" */ = {
			isa = XCConfigurationList;
			buildConfigurations = (
				CBD755E22B5375B7000FFBC0 /* Debug */,
				CBD755E32B5375B7000FFBC0 /* Release */,
			);
			defaultConfigurationIsVisible = 0;
			defaultConfigurationName = Release;
		};
/* End XCConfigurationList section */
	};
	rootObject = CBD755AF2B5375B2000FFBC0 /* Project object */;
}
